
Microsoft Visual Studio Solution File, Format Version 12.00
# Visual Studio Version 16
VisualStudioVersion = 16.0.32901.82
MinimumVisualStudioVersion = 10.0.40219.1
Project("{FAE04EC0-301F-11D3-BF4B-00C04F79EFBC}") = "ASPXDemos", "ASPXDemos\ASPXDemos.csproj", "{08A19C5A-450F-4B6C-9EF9-5C04FC74F373}"
EndProject
Global
	GlobalSection(SolutionConfigurationPlatforms) = preSolution
		Debug|Any CPU = Debug|Any CPU
		Release|Any CPU = Release|Any CPU
	EndGlobalSection
	GlobalSection(ProjectConfigurationPlatforms) = postSolution
		{08A19C5A-450F-4B6C-9EF9-5C04FC74F373}.Debug|Any CPU.ActiveCfg = Debug|Any CPU
		{08A19C5A-450F-4B6C-9EF9-5C04FC74F373}.Debug|Any CPU.Build.0 = Debug|Any CPU
		{08A19C5A-450F-4B6C-9EF9-5C04FC74F373}.Release|Any CPU.ActiveCfg = Release|Any CPU
		{08A19C5A-450F-4B6C-9EF9-5C04FC74F373}.Release|Any CPU.Build.0 = Release|Any CPU
	EndGlobalSection
	GlobalSection(SolutionProperties) = preSolution
		HideSolutionNode = FALSE
	EndGlobalSection
	GlobalSection(ExtensibilityGlobals) = postSolution
		SolutionGuid = {458DE4D6-39C6-48FF-945F-55EAA355084A}
	EndGlobalSection
EndGlobal
